
Microsoft Visual Studio Solution File, Format Version 12.00
# Visual Studio Version 17
VisualStudioVersion = 17.0.32014.148
MinimumVisualStudioVersion = 10.0.40219.1
Project("{FAE04EC0-301F-11D3-BF4B-00C04F79EFBC}") = "exam", "exam\exam.csproj", "{272E9B13-E3FA-4E60-B6CC-4C3141A35761}"
EndProject
Project("{FAE04EC0-301F-11D3-BF4B-00C04F79EFBC}") = "exam.Data", "exam.Data\exam.Data.csproj", "{CDEE822A-C9C6-43B1-A6F1-484671B79718}"
EndProject
Project("{FAE04EC0-301F-11D3-BF4B-00C04F79EFBC}") = "exam.Service", "exam.Service\exam.Service.csproj", "{4C619072-FA7F-44D6-BAC7-6FEE941046E8}"
EndProject
Global
	GlobalSection(SolutionConfigurationPlatforms) = preSolution
		Debug|Any CPU = Debug|Any CPU
		Release|Any CPU = Release|Any CPU
	EndGlobalSection
	GlobalSection(ProjectConfigurationPlatforms) = postSolution
		{272E9B13-E3FA-4E60-B6CC-4C3141A35761}.Debug|Any CPU.ActiveCfg = Debug|Any CPU
		{272E9B13-E3FA-4E60-B6CC-4C3141A35761}.Debug|Any CPU.Build.0 = Debug|Any CPU
		{272E9B13-E3FA-4E60-B6CC-4C3141A35761}.Release|Any CPU.ActiveCfg = Release|Any CPU
		{272E9B13-E3FA-4E60-B6CC-4C3141A35761}.Release|Any CPU.Build.0 = Release|Any CPU
		{CDEE822A-C9C6-43B1-A6F1-484671B79718}.Debug|Any CPU.ActiveCfg = Debug|Any CPU
		{CDEE822A-C9C6-43B1-A6F1-484671B79718}.Debug|Any CPU.Build.0 = Debug|Any CPU
		{CDEE822A-C9C6-43B1-A6F1-484671B79718}.Release|Any CPU.ActiveCfg = Release|Any CPU
		{CDEE822A-C9C6-43B1-A6F1-484671B79718}.Release|Any CPU.Build.0 = Release|Any CPU
		{4C619072-FA7F-44D6-BAC7-6FEE941046E8}.Debug|Any CPU.ActiveCfg = Debug|Any CPU
		{4C619072-FA7F-44D6-BAC7-6FEE941046E8}.Debug|Any CPU.Build.0 = Debug|Any CPU
		{4C619072-FA7F-44D6-BAC7-6FEE941046E8}.Release|Any CPU.ActiveCfg = Release|Any CPU
		{4C619072-FA7F-44D6-BAC7-6FEE941046E8}.Release|Any CPU.Build.0 = Release|Any CPU
	EndGlobalSection
	GlobalSection(SolutionProperties) = preSolution
		HideSolutionNode = FALSE
	EndGlobalSection
	GlobalSection(ExtensibilityGlobals) = postSolution
		SolutionGuid = {870890AC-AAEA-4BF7-83DA-3A0E68F730E9}
	EndGlobalSection
EndGlobal
